// !$*UTF8*$!
{
	archiveVersion = 1;
	classes = {
	};
	objectVersion = 46;
	objects = {

/* Begin PBXBuildFile section */
		183445FE1E8C4D9F0039ECC5 /* HalosClasses.swift in Sources */ = {isa = PBXBuildFile; fileRef = 18BA37F51E6A27DE00E6AE7C /* HalosClasses.swift */; };
		1834460D1E8C6ACF0039ECC5 /* Main.storyboard in Resources */ = {isa = PBXBuildFile; fileRef = 1834460C1E8C6ACF0039ECC5 /* Main.storyboard */; };
		1846A7E31E7DC39B009EBB30 /* CoreLocation.framework in Frameworks */ = {isa = PBXBuildFile; fileRef = 1846A7E21E7DC39B009EBB30 /* CoreLocation.framework */; };
		18B372321E6797DA008338F2 /* BaseViewController.swift in Sources */ = {isa = PBXBuildFile; fileRef = 18B3722E1E6797DA008338F2 /* BaseViewController.swift */; };
		18B372331E6797DA008338F2 /* MenuViewController.swift in Sources */ = {isa = PBXBuildFile; fileRef = 18B3722F1E6797DA008338F2 /* MenuViewController.swift */; };
		18B372361E6798D5008338F2 /* UserProfileViewController.swift in Sources */ = {isa = PBXBuildFile; fileRef = 18B372351E6798D5008338F2 /* UserProfileViewController.swift */; };
		18B372381E679AEC008338F2 /* StoreViewController.swift in Sources */ = {isa = PBXBuildFile; fileRef = 18B372371E679AEC008338F2 /* StoreViewController.swift */; };
		18BA37F61E6A27DE00E6AE7C /* HalosClasses.swift in Sources */ = {isa = PBXBuildFile; fileRef = 18BA37F51E6A27DE00E6AE7C /* HalosClasses.swift */; };
		18C7AF381E6CC4930074EDFE /* HomeVC.swift in Sources */ = {isa = PBXBuildFile; fileRef = 18C7AF371E6CC4930074EDFE /* HomeVC.swift */; };
		18CA67641E6F16880048C82F /* CosmosDistrib.swift in Sources */ = {isa = PBXBuildFile; fileRef = 18CA67631E6F16880048C82F /* CosmosDistrib.swift */; };
		18CA67661E6F1E8B0048C82F /* SettingsViewController.swift in Sources */ = {isa = PBXBuildFile; fileRef = 18CA67651E6F1E8B0048C82F /* SettingsViewController.swift */; };
		39BEE4E9582E3B250FDBFBC7 /* Pods_HALOSUITests.framework in Frameworks */ = {isa = PBXBuildFile; fileRef = 906917DF4CF433981FC157B3 /* Pods_HALOSUITests.framework */; };
		590569D785233E632A41A3AA /* Pods_HALOSTests.framework in Frameworks */ = {isa = PBXBuildFile; fileRef = 9C56D8E9A1965C3C47E1F855 /* Pods_HALOSTests.framework */; };
		842C3CDB1E3E985800BBCD2A /* AppDelegate.swift in Sources */ = {isa = PBXBuildFile; fileRef = 842C3CDA1E3E985800BBCD2A /* AppDelegate.swift */; };
		842C3CDD1E3E985800BBCD2A /* ViewController.swift in Sources */ = {isa = PBXBuildFile; fileRef = 842C3CDC1E3E985800BBCD2A /* ViewController.swift */; };
		842C3CE21E3E985800BBCD2A /* Assets.xcassets in Resources */ = {isa = PBXBuildFile; fileRef = 842C3CE11E3E985800BBCD2A /* Assets.xcassets */; };
		842C3CE51E3E985800BBCD2A /* LaunchScreen.storyboard in Resources */ = {isa = PBXBuildFile; fileRef = 842C3CE31E3E985800BBCD2A /* LaunchScreen.storyboard */; };
		842C3CF01E3E985800BBCD2A /* HALOSTests.swift in Sources */ = {isa = PBXBuildFile; fileRef = 842C3CEF1E3E985800BBCD2A /* HALOSTests.swift */; };
		842C3CFB1E3E985800BBCD2A /* HALOSUITests.swift in Sources */ = {isa = PBXBuildFile; fileRef = 842C3CFA1E3E985800BBCD2A /* HALOSUITests.swift */; };
		842C3D251E40100D00BBCD2A /* CreateLoginViewController.swift in Sources */ = {isa = PBXBuildFile; fileRef = 842C3D241E40100D00BBCD2A /* CreateLoginViewController.swift */; };
		842C3D2A1E4123C400BBCD2A /* MapKit.framework in Frameworks */ = {isa = PBXBuildFile; fileRef = 842C3D291E4123C400BBCD2A /* MapKit.framework */; };
		DB70C1A4A353019C8E083C15 /* Pods_HALOS.framework in Frameworks */ = {isa = PBXBuildFile; fileRef = 98BC2BBA0392FBA7433F9904 /* Pods_HALOS.framework */; };
/* End PBXBuildFile section */

/* Begin PBXContainerItemProxy section */
		181F38221E81BEC000B7C78B /* PBXContainerItemProxy */ = {
			isa = PBXContainerItemProxy;
			containerPortal = 181F38091E81BEBC00B7C78B /* Gloss.xcodeproj */;
			proxyType = 2;
			remoteGlobalIDString = DC39BF611B8A7AD200088CE0;
			remoteInfo = Gloss;
		};
		181F38241E81BEC000B7C78B /* PBXContainerItemProxy */ = {
			isa = PBXContainerItemProxy;
			containerPortal = 181F38091E81BEBC00B7C78B /* Gloss.xcodeproj */;
			proxyType = 2;
			remoteGlobalIDString = DCF3008A1BDCA3FF003FBF15;
			remoteInfo = "Gloss MacOS";
		};
		181F38261E81BEC000B7C78B /* PBXContainerItemProxy */ = {
			isa = PBXContainerItemProxy;
			containerPortal = 181F38091E81BEBC00B7C78B /* Gloss.xcodeproj */;
			proxyType = 2;
			remoteGlobalIDString = A04168E71C0DF69900269A6A;
			remoteInfo = "Gloss tvOS";
		};
		181F38281E81BEC000B7C78B /* PBXContainerItemProxy */ = {
			isa = PBXContainerItemProxy;
			containerPortal = 181F38091E81BEBC00B7C78B /* Gloss.xcodeproj */;
			proxyType = 2;
			remoteGlobalIDString = DC683ADB1C2C615D0035EAC3;
			remoteInfo = "Gloss watchOS";
		};
		181F382A1E81BEC000B7C78B /* PBXContainerItemProxy */ = {
			isa = PBXContainerItemProxy;
			containerPortal = 181F38091E81BEBC00B7C78B /* Gloss.xcodeproj */;
			proxyType = 2;
			remoteGlobalIDString = 2FA4CE9A1C947E3000EB8AB8;
			remoteInfo = GlossTests;
		};
		1846A80F1E7F1749009EBB30 /* PBXContainerItemProxy */ = {
			isa = PBXContainerItemProxy;
			containerPortal = 1846A7E41E7F1631009EBB30 /* Alamofire.xcodeproj */;
			proxyType = 2;
			remoteGlobalIDString = F8111E3319A95C8B0040E7D1;
			remoteInfo = "Alamofire iOS";
		};
		1846A8111E7F1749009EBB30 /* PBXContainerItemProxy */ = {
			isa = PBXContainerItemProxy;
			containerPortal = 1846A7E41E7F1631009EBB30 /* Alamofire.xcodeproj */;
			proxyType = 2;
			remoteGlobalIDString = F8111E3E19A95C8B0040E7D1;
			remoteInfo = "Alamofire iOS Tests";
		};
		1846A8131E7F1749009EBB30 /* PBXContainerItemProxy */ = {
			isa = PBXContainerItemProxy;
			containerPortal = 1846A7E41E7F1631009EBB30 /* Alamofire.xcodeproj */;
			proxyType = 2;
			remoteGlobalIDString = 4DD67C0B1A5C55C900ED2280;
			remoteInfo = "Alamofire macOS";
		};
		1846A8151E7F1749009EBB30 /* PBXContainerItemProxy */ = {
			isa = PBXContainerItemProxy;
			containerPortal = 1846A7E41E7F1631009EBB30 /* Alamofire.xcodeproj */;
			proxyType = 2;
			remoteGlobalIDString = F829C6B21A7A94F100A2CD59;
			remoteInfo = "Alamofire macOS Tests";
		};
		1846A8171E7F1749009EBB30 /* PBXContainerItemProxy */ = {
			isa = PBXContainerItemProxy;
			containerPortal = 1846A7E41E7F1631009EBB30 /* Alamofire.xcodeproj */;
			proxyType = 2;
			remoteGlobalIDString = 4CF626EF1BA7CB3E0011A099;
			remoteInfo = "Alamofire tvOS";
		};
		1846A8191E7F1749009EBB30 /* PBXContainerItemProxy */ = {
			isa = PBXContainerItemProxy;
			containerPortal = 1846A7E41E7F1631009EBB30 /* Alamofire.xcodeproj */;
			proxyType = 2;
			remoteGlobalIDString = 4CF626F81BA7CB3E0011A099;
			remoteInfo = "Alamofire tvOS Tests";
		};
		1846A81B1E7F1749009EBB30 /* PBXContainerItemProxy */ = {
			isa = PBXContainerItemProxy;
			containerPortal = 1846A7E41E7F1631009EBB30 /* Alamofire.xcodeproj */;
			proxyType = 2;
			remoteGlobalIDString = E4202FE01B667AA100C997FB;
			remoteInfo = "Alamofire watchOS";
		};
		842C3CEC1E3E985800BBCD2A /* PBXContainerItemProxy */ = {
			isa = PBXContainerItemProxy;
			containerPortal = 842C3CCF1E3E985800BBCD2A /* Project object */;
			proxyType = 1;
			remoteGlobalIDString = 842C3CD61E3E985800BBCD2A;
			remoteInfo = HALOS;
		};
		842C3CF71E3E985800BBCD2A /* PBXContainerItemProxy */ = {
			isa = PBXContainerItemProxy;
			containerPortal = 842C3CCF1E3E985800BBCD2A /* Project object */;
			proxyType = 1;
			remoteGlobalIDString = 842C3CD61E3E985800BBCD2A;
			remoteInfo = HALOS;
		};
/* End PBXContainerItemProxy section */

/* Begin PBXFileReference section */
		181F38091E81BEBC00B7C78B /* Gloss.xcodeproj */ = {isa = PBXFileReference; lastKnownFileType = "wrapper.pb-project"; name = Gloss.xcodeproj; path = "../Packages/Gloss-1.2.1/Gloss.xcodeproj"; sourceTree = "<group>"; };
		1834460C1E8C6ACF0039ECC5 /* Main.storyboard */ = {isa = PBXFileReference; fileEncoding = 4; lastKnownFileType = file.storyboard; path = Main.storyboard; sourceTree = "<group>"; };
		1846A7E21E7DC39B009EBB30 /* CoreLocation.framework */ = {isa = PBXFileReference; lastKnownFileType = wrapper.framework; name = CoreLocation.framework; path = System/Library/Frameworks/CoreLocation.framework; sourceTree = SDKROOT; };
		1846A7E41E7F1631009EBB30 /* Alamofire.xcodeproj */ = {isa = PBXFileReference; lastKnownFileType = "wrapper.pb-project"; name = Alamofire.xcodeproj; path = ../../../../Alamofire/Alamofire.xcodeproj; sourceTree = "<group>"; };
		18B3722E1E6797DA008338F2 /* BaseViewController.swift */ = {isa = PBXFileReference; fileEncoding = 4; lastKnownFileType = sourcecode.swift; path = BaseViewController.swift; sourceTree = "<group>"; };
		18B3722F1E6797DA008338F2 /* MenuViewController.swift */ = {isa = PBXFileReference; fileEncoding = 4; lastKnownFileType = sourcecode.swift; path = MenuViewController.swift; sourceTree = "<group>"; };
		18B372351E6798D5008338F2 /* UserProfileViewController.swift */ = {isa = PBXFileReference; fileEncoding = 4; lastKnownFileType = sourcecode.swift; path = UserProfileViewController.swift; sourceTree = "<group>"; };
		18B372371E679AEC008338F2 /* StoreViewController.swift */ = {isa = PBXFileReference; fileEncoding = 4; lastKnownFileType = sourcecode.swift; path = StoreViewController.swift; sourceTree = "<group>"; };
		18BA37F51E6A27DE00E6AE7C /* HalosClasses.swift */ = {isa = PBXFileReference; fileEncoding = 4; lastKnownFileType = sourcecode.swift; path = HalosClasses.swift; sourceTree = "<group>"; };
		18C7AF371E6CC4930074EDFE /* HomeVC.swift */ = {isa = PBXFileReference; fileEncoding = 4; lastKnownFileType = sourcecode.swift; path = HomeVC.swift; sourceTree = "<group>"; };
		18CA67631E6F16880048C82F /* CosmosDistrib.swift */ = {isa = PBXFileReference; fileEncoding = 4; lastKnownFileType = sourcecode.swift; path = CosmosDistrib.swift; sourceTree = "<group>"; };
		18CA67651E6F1E8B0048C82F /* SettingsViewController.swift */ = {isa = PBXFileReference; fileEncoding = 4; lastKnownFileType = sourcecode.swift; path = SettingsViewController.swift; sourceTree = "<group>"; };
		5478BFE1DF63E596F5BB7B9E /* Pods-HALOSUITests.release.xcconfig */ = {isa = PBXFileReference; includeInIndex = 1; lastKnownFileType = text.xcconfig; name = "Pods-HALOSUITests.release.xcconfig"; path = "Pods/Target Support Files/Pods-HALOSUITests/Pods-HALOSUITests.release.xcconfig"; sourceTree = "<group>"; };
		78B841C9F4F69A1BB8285572 /* Pods-HALOSTests.debug.xcconfig */ = {isa = PBXFileReference; includeInIndex = 1; lastKnownFileType = text.xcconfig; name = "Pods-HALOSTests.debug.xcconfig"; path = "Pods/Target Support Files/Pods-HALOSTests/Pods-HALOSTests.debug.xcconfig"; sourceTree = "<group>"; };
		842C3CD71E3E985800BBCD2A /* HALOS.app */ = {isa = PBXFileReference; explicitFileType = wrapper.application; includeInIndex = 0; path = HALOS.app; sourceTree = BUILT_PRODUCTS_DIR; };
		842C3CDA1E3E985800BBCD2A /* AppDelegate.swift */ = {isa = PBXFileReference; lastKnownFileType = sourcecode.swift; path = AppDelegate.swift; sourceTree = "<group>"; };
		842C3CDC1E3E985800BBCD2A /* ViewController.swift */ = {isa = PBXFileReference; lastKnownFileType = sourcecode.swift; path = ViewController.swift; sourceTree = "<group>"; };
		842C3CE11E3E985800BBCD2A /* Assets.xcassets */ = {isa = PBXFileReference; lastKnownFileType = folder.assetcatalog; path = Assets.xcassets; sourceTree = "<group>"; };
		842C3CE41E3E985800BBCD2A /* Base */ = {isa = PBXFileReference; lastKnownFileType = file.storyboard; name = Base; path = Base.lproj/LaunchScreen.storyboard; sourceTree = "<group>"; };
		842C3CE61E3E985800BBCD2A /* Info.plist */ = {isa = PBXFileReference; lastKnownFileType = text.plist.xml; path = Info.plist; sourceTree = "<group>"; };
		842C3CEB1E3E985800BBCD2A /* HALOSTests.xctest */ = {isa = PBXFileReference; explicitFileType = wrapper.cfbundle; includeInIndex = 0; path = HALOSTests.xctest; sourceTree = BUILT_PRODUCTS_DIR; };
		842C3CEF1E3E985800BBCD2A /* HALOSTests.swift */ = {isa = PBXFileReference; lastKnownFileType = sourcecode.swift; path = HALOSTests.swift; sourceTree = "<group>"; };
		842C3CF11E3E985800BBCD2A /* Info.plist */ = {isa = PBXFileReference; lastKnownFileType = text.plist.xml; path = Info.plist; sourceTree = "<group>"; };
		842C3CF61E3E985800BBCD2A /* HALOSUITests.xctest */ = {isa = PBXFileReference; explicitFileType = wrapper.cfbundle; includeInIndex = 0; path = HALOSUITests.xctest; sourceTree = BUILT_PRODUCTS_DIR; };
		842C3CFA1E3E985800BBCD2A /* HALOSUITests.swift */ = {isa = PBXFileReference; lastKnownFileType = sourcecode.swift; path = HALOSUITests.swift; sourceTree = "<group>"; };
		842C3CFC1E3E985800BBCD2A /* Info.plist */ = {isa = PBXFileReference; lastKnownFileType = text.plist.xml; path = Info.plist; sourceTree = "<group>"; };
		842C3D241E40100D00BBCD2A /* CreateLoginViewController.swift */ = {isa = PBXFileReference; fileEncoding = 4; lastKnownFileType = sourcecode.swift; path = CreateLoginViewController.swift; sourceTree = "<group>"; };
		842C3D291E4123C400BBCD2A /* MapKit.framework */ = {isa = PBXFileReference; lastKnownFileType = wrapper.framework; name = MapKit.framework; path = System/Library/Frameworks/MapKit.framework; sourceTree = SDKROOT; };
		8FA22697CBCB8EB1DFC718B1 /* Pods-HALOS.debug.xcconfig */ = {isa = PBXFileReference; includeInIndex = 1; lastKnownFileType = text.xcconfig; name = "Pods-HALOS.debug.xcconfig"; path = "Pods/Target Support Files/Pods-HALOS/Pods-HALOS.debug.xcconfig"; sourceTree = "<group>"; };
		906917DF4CF433981FC157B3 /* Pods_HALOSUITests.framework */ = {isa = PBXFileReference; explicitFileType = wrapper.framework; includeInIndex = 0; path = Pods_HALOSUITests.framework; sourceTree = BUILT_PRODUCTS_DIR; };
		98BC2BBA0392FBA7433F9904 /* Pods_HALOS.framework */ = {isa = PBXFileReference; explicitFileType = wrapper.framework; includeInIndex = 0; path = Pods_HALOS.framework; sourceTree = BUILT_PRODUCTS_DIR; };
		9C56D8E9A1965C3C47E1F855 /* Pods_HALOSTests.framework */ = {isa = PBXFileReference; explicitFileType = wrapper.framework; includeInIndex = 0; path = Pods_HALOSTests.framework; sourceTree = BUILT_PRODUCTS_DIR; };
		DB6D0C63537E8F9CED2A52ED /* Pods-HALOS.release.xcconfig */ = {isa = PBXFileReference; includeInIndex = 1; lastKnownFileType = text.xcconfig; name = "Pods-HALOS.release.xcconfig"; path = "Pods/Target Support Files/Pods-HALOS/Pods-HALOS.release.xcconfig"; sourceTree = "<group>"; };
		F03D8EDCFD341A5D0DFE4CAC /* Pods-HALOSUITests.debug.xcconfig */ = {isa = PBXFileReference; includeInIndex = 1; lastKnownFileType = text.xcconfig; name = "Pods-HALOSUITests.debug.xcconfig"; path = "Pods/Target Support Files/Pods-HALOSUITests/Pods-HALOSUITests.debug.xcconfig"; sourceTree = "<group>"; };
		F8CE1C9D157587817B3E813B /* Pods-HALOSTests.release.xcconfig */ = {isa = PBXFileReference; includeInIndex = 1; lastKnownFileType = text.xcconfig; name = "Pods-HALOSTests.release.xcconfig"; path = "Pods/Target Support Files/Pods-HALOSTests/Pods-HALOSTests.release.xcconfig"; sourceTree = "<group>"; };
/* End PBXFileReference section */

/* Begin PBXFrameworksBuildPhase section */
		842C3CD41E3E985800BBCD2A /* Frameworks */ = {
			isa = PBXFrameworksBuildPhase;
			buildActionMask = 2147483647;
			files = (
				1846A7E31E7DC39B009EBB30 /* CoreLocation.framework in Frameworks */,
				842C3D2A1E4123C400BBCD2A /* MapKit.framework in Frameworks */,
				DB70C1A4A353019C8E083C15 /* Pods_HALOS.framework in Frameworks */,
			);
			runOnlyForDeploymentPostprocessing = 0;
		};
		842C3CE81E3E985800BBCD2A /* Frameworks */ = {
			isa = PBXFrameworksBuildPhase;
			buildActionMask = 2147483647;
			files = (
				590569D785233E632A41A3AA /* Pods_HALOSTests.framework in Frameworks */,
			);
			runOnlyForDeploymentPostprocessing = 0;
		};
		842C3CF31E3E985800BBCD2A /* Frameworks */ = {
			isa = PBXFrameworksBuildPhase;
			buildActionMask = 2147483647;
			files = (
				39BEE4E9582E3B250FDBFBC7 /* Pods_HALOSUITests.framework in Frameworks */,
			);
			runOnlyForDeploymentPostprocessing = 0;
		};
/* End PBXFrameworksBuildPhase section */

/* Begin PBXGroup section */
		181F381B1E81BEC000B7C78B /* Products */ = {
			isa = PBXGroup;
			children = (
				181F38231E81BEC000B7C78B /* Gloss.framework */,
				181F38251E81BEC000B7C78B /* Gloss.framework */,
				181F38271E81BEC000B7C78B /* Gloss.framework */,
				181F38291E81BEC000B7C78B /* Gloss.framework */,
				181F382B1E81BEC000B7C78B /* GlossTests.xctest */,
			);
			name = Products;
			sourceTree = "<group>";
		};
		1846A8051E7F1749009EBB30 /* Products */ = {
			isa = PBXGroup;
			children = (
				1846A8101E7F1749009EBB30 /* Alamofire.framework */,
				1846A8121E7F1749009EBB30 /* Alamofire iOS Tests.xctest */,
				1846A8141E7F1749009EBB30 /* Alamofire.framework */,
				1846A8161E7F1749009EBB30 /* Alamofire macOS Tests.xctest */,
				1846A8181E7F1749009EBB30 /* Alamofire.framework */,
				1846A81A1E7F1749009EBB30 /* Alamofire tvOS Tests.xctest */,
				1846A81C1E7F1749009EBB30 /* Alamofire.framework */,
			);
			name = Products;
			sourceTree = "<group>";
		};
		67E1B38F5932B730B1089AD8 /* Pods */ = {
			isa = PBXGroup;
			children = (
				8FA22697CBCB8EB1DFC718B1 /* Pods-HALOS.debug.xcconfig */,
				DB6D0C63537E8F9CED2A52ED /* Pods-HALOS.release.xcconfig */,
				78B841C9F4F69A1BB8285572 /* Pods-HALOSTests.debug.xcconfig */,
				F8CE1C9D157587817B3E813B /* Pods-HALOSTests.release.xcconfig */,
				F03D8EDCFD341A5D0DFE4CAC /* Pods-HALOSUITests.debug.xcconfig */,
				5478BFE1DF63E596F5BB7B9E /* Pods-HALOSUITests.release.xcconfig */,
			);
			name = Pods;
			sourceTree = "<group>";
		};
		842C3CCE1E3E985800BBCD2A = {
			isa = PBXGroup;
			children = (
				842C3CD91E3E985800BBCD2A /* HALOS */,
				842C3CEE1E3E985800BBCD2A /* HALOSTests */,
				842C3CF91E3E985800BBCD2A /* HALOSUITests */,
				842C3CD81E3E985800BBCD2A /* Products */,
				842C3D281E4123C400BBCD2A /* Frameworks */,
				67E1B38F5932B730B1089AD8 /* Pods */,
			);
			sourceTree = "<group>";
		};
		842C3CD81E3E985800BBCD2A /* Products */ = {
			isa = PBXGroup;
			children = (
				842C3CD71E3E985800BBCD2A /* HALOS.app */,
				842C3CEB1E3E985800BBCD2A /* HALOSTests.xctest */,
				842C3CF61E3E985800BBCD2A /* HALOSUITests.xctest */,
			);
			name = Products;
			sourceTree = "<group>";
		};
		842C3CD91E3E985800BBCD2A /* HALOS */ = {
			isa = PBXGroup;
			children = (
				181F38091E81BEBC00B7C78B /* Gloss.xcodeproj */,
				1846A7E41E7F1631009EBB30 /* Alamofire.xcodeproj */,
				842C3CDA1E3E985800BBCD2A /* AppDelegate.swift */,
				842C3CDC1E3E985800BBCD2A /* ViewController.swift */,
				842C3D241E40100D00BBCD2A /* CreateLoginViewController.swift */,
				18B3722E1E6797DA008338F2 /* BaseViewController.swift */,
				18C7AF371E6CC4930074EDFE /* HomeVC.swift */,
				18B3722F1E6797DA008338F2 /* MenuViewController.swift */,
				18B372351E6798D5008338F2 /* UserProfileViewController.swift */,
				18B372371E679AEC008338F2 /* StoreViewController.swift */,
				18CA67651E6F1E8B0048C82F /* SettingsViewController.swift */,
				18BA37F51E6A27DE00E6AE7C /* HalosClasses.swift */,
				18CA67631E6F16880048C82F /* CosmosDistrib.swift */,
				1834460C1E8C6ACF0039ECC5 /* Main.storyboard */,
				842C3CE31E3E985800BBCD2A /* LaunchScreen.storyboard */,
				842C3CE11E3E985800BBCD2A /* Assets.xcassets */,
				842C3CE61E3E985800BBCD2A /* Info.plist */,
			);
			path = HALOS;
			sourceTree = "<group>";
		};
		842C3CEE1E3E985800BBCD2A /* HALOSTests */ = {
			isa = PBXGroup;
			children = (
				842C3CEF1E3E985800BBCD2A /* HALOSTests.swift */,
				842C3CF11E3E985800BBCD2A /* Info.plist */,
			);
			path = HALOSTests;
			sourceTree = "<group>";
		};
		842C3CF91E3E985800BBCD2A /* HALOSUITests */ = {
			isa = PBXGroup;
			children = (
				842C3CFA1E3E985800BBCD2A /* HALOSUITests.swift */,
				842C3CFC1E3E985800BBCD2A /* Info.plist */,
			);
			path = HALOSUITests;
			sourceTree = "<group>";
		};
		842C3D281E4123C400BBCD2A /* Frameworks */ = {
			isa = PBXGroup;
			children = (
				1846A7E21E7DC39B009EBB30 /* CoreLocation.framework */,
				842C3D291E4123C400BBCD2A /* MapKit.framework */,
				98BC2BBA0392FBA7433F9904 /* Pods_HALOS.framework */,
				9C56D8E9A1965C3C47E1F855 /* Pods_HALOSTests.framework */,
				906917DF4CF433981FC157B3 /* Pods_HALOSUITests.framework */,
			);
			name = Frameworks;
			sourceTree = "<group>";
		};
/* End PBXGroup section */

/* Begin PBXNativeTarget section */
		842C3CD61E3E985800BBCD2A /* HALOS */ = {
			isa = PBXNativeTarget;
			buildConfigurationList = 842C3CFF1E3E985800BBCD2A /* Build configuration list for PBXNativeTarget "HALOS" */;
			buildPhases = (
				087B5227BBB9C61ED1ACF210 /* [CP] Check Pods Manifest.lock */,
				842C3CD31E3E985800BBCD2A /* Sources */,
				842C3CD41E3E985800BBCD2A /* Frameworks */,
				842C3CD51E3E985800BBCD2A /* Resources */,
				D7F7FBCB3B3491E294EAED2F /* [CP] Embed Pods Frameworks */,
				523C5E01A405A6E421104EE9 /* [CP] Copy Pods Resources */,
			);
			buildRules = (
			);
			dependencies = (
			);
			name = HALOS;
			productName = HALOS;
			productReference = 842C3CD71E3E985800BBCD2A /* HALOS.app */;
			productType = "com.apple.product-type.application";
		};
		842C3CEA1E3E985800BBCD2A /* HALOSTests */ = {
			isa = PBXNativeTarget;
			buildConfigurationList = 842C3D021E3E985800BBCD2A /* Build configuration list for PBXNativeTarget "HALOSTests" */;
			buildPhases = (
				AD7261BA555B1414557C28D0 /* [CP] Check Pods Manifest.lock */,
				842C3CE71E3E985800BBCD2A /* Sources */,
				842C3CE81E3E985800BBCD2A /* Frameworks */,
				842C3CE91E3E985800BBCD2A /* Resources */,
				0074227BAA7B9B5AA6B15BD8 /* [CP] Embed Pods Frameworks */,
				A2FB5FD9473A9FEACABF79F9 /* [CP] Copy Pods Resources */,
			);
			buildRules = (
			);
			dependencies = (
				842C3CED1E3E985800BBCD2A /* PBXTargetDependency */,
			);
			name = HALOSTests;
			productName = HALOSTests;
			productReference = 842C3CEB1E3E985800BBCD2A /* HALOSTests.xctest */;
			productType = "com.apple.product-type.bundle.unit-test";
		};
		842C3CF51E3E985800BBCD2A /* HALOSUITests */ = {
			isa = PBXNativeTarget;
			buildConfigurationList = 842C3D051E3E985800BBCD2A /* Build configuration list for PBXNativeTarget "HALOSUITests" */;
			buildPhases = (
				5ADBE7C2967B353228867FC8 /* [CP] Check Pods Manifest.lock */,
				842C3CF21E3E985800BBCD2A /* Sources */,
				842C3CF31E3E985800BBCD2A /* Frameworks */,
				842C3CF41E3E985800BBCD2A /* Resources */,
				32B9E82C04E8F7E6EEC836F7 /* [CP] Embed Pods Frameworks */,
				31A0F8936FCB4591C0BC88A2 /* [CP] Copy Pods Resources */,
			);
			buildRules = (
			);
			dependencies = (
				842C3CF81E3E985800BBCD2A /* PBXTargetDependency */,
			);
			name = HALOSUITests;
			productName = HALOSUITests;
			productReference = 842C3CF61E3E985800BBCD2A /* HALOSUITests.xctest */;
			productType = "com.apple.product-type.bundle.ui-testing";
		};
/* End PBXNativeTarget section */

/* Begin PBXProject section */
		842C3CCF1E3E985800BBCD2A /* Project object */ = {
			isa = PBXProject;
			attributes = {
				LastSwiftUpdateCheck = 0820;
				LastUpgradeCheck = 0820;
				ORGANIZATIONNAME = adminbbccolo;
				TargetAttributes = {
					842C3CD61E3E985800BBCD2A = {
						CreatedOnToolsVersion = 8.2.1;
						DevelopmentTeam = 357F95QDBZ;
						ProvisioningStyle = Automatic;
						SystemCapabilities = {
							com.apple.Maps.iOS = {
								enabled = 1;
							};
						};
					};
					842C3CEA1E3E985800BBCD2A = {
						CreatedOnToolsVersion = 8.2.1;
						DevelopmentTeam = 357F95QDBZ;
						ProvisioningStyle = Automatic;
						TestTargetID = 842C3CD61E3E985800BBCD2A;
					};
					842C3CF51E3E985800BBCD2A = {
						CreatedOnToolsVersion = 8.2.1;
						DevelopmentTeam = 357F95QDBZ;
						ProvisioningStyle = Automatic;
						TestTargetID = 842C3CD61E3E985800BBCD2A;
					};
				};
			};
			buildConfigurationList = 842C3CD21E3E985800BBCD2A /* Build configuration list for PBXProject "HALOS" */;
			compatibilityVersion = "Xcode 3.2";
			developmentRegion = English;
			hasScannedForEncodings = 0;
			knownRegions = (
				en,
				Base,
			);
			mainGroup = 842C3CCE1E3E985800BBCD2A;
			productRefGroup = 842C3CD81E3E985800BBCD2A /* Products */;
			projectDirPath = "";
			projectReferences = (
				{
					ProductGroup = 1846A8051E7F1749009EBB30 /* Products */;
					ProjectRef = 1846A7E41E7F1631009EBB30 /* Alamofire.xcodeproj */;
				},
				{
					ProductGroup = 181F381B1E81BEC000B7C78B /* Products */;
					ProjectRef = 181F38091E81BEBC00B7C78B /* Gloss.xcodeproj */;
				},
			);
			projectRoot = "";
			targets = (
				842C3CD61E3E985800BBCD2A /* HALOS */,
				842C3CEA1E3E985800BBCD2A /* HALOSTests */,
				842C3CF51E3E985800BBCD2A /* HALOSUITests */,
			);
		};
/* End PBXProject section */

/* Begin PBXReferenceProxy section */
		181F38231E81BEC000B7C78B /* Gloss.framework */ = {
			isa = PBXReferenceProxy;
			fileType = wrapper.framework;
			path = Gloss.framework;
			remoteRef = 181F38221E81BEC000B7C78B /* PBXContainerItemProxy */;
			sourceTree = BUILT_PRODUCTS_DIR;
		};
		181F38251E81BEC000B7C78B /* Gloss.framework */ = {
			isa = PBXReferenceProxy;
			fileType = wrapper.framework;
			path = Gloss.framework;
			remoteRef = 181F38241E81BEC000B7C78B /* PBXContainerItemProxy */;
			sourceTree = BUILT_PRODUCTS_DIR;
		};
		181F38271E81BEC000B7C78B /* Gloss.framework */ = {
			isa = PBXReferenceProxy;
			fileType = wrapper.framework;
			path = Gloss.framework;
			remoteRef = 181F38261E81BEC000B7C78B /* PBXContainerItemProxy */;
			sourceTree = BUILT_PRODUCTS_DIR;
		};
		181F38291E81BEC000B7C78B /* Gloss.framework */ = {
			isa = PBXReferenceProxy;
			fileType = wrapper.framework;
			path = Gloss.framework;
			remoteRef = 181F38281E81BEC000B7C78B /* PBXContainerItemProxy */;
			sourceTree = BUILT_PRODUCTS_DIR;
		};
		181F382B1E81BEC000B7C78B /* GlossTests.xctest */ = {
			isa = PBXReferenceProxy;
			fileType = wrapper.cfbundle;
			path = GlossTests.xctest;
			remoteRef = 181F382A1E81BEC000B7C78B /* PBXContainerItemProxy */;
			sourceTree = BUILT_PRODUCTS_DIR;
		};
		1846A8101E7F1749009EBB30 /* Alamofire.framework */ = {
			isa = PBXReferenceProxy;
			fileType = wrapper.framework;
			path = Alamofire.framework;
			remoteRef = 1846A80F1E7F1749009EBB30 /* PBXContainerItemProxy */;
			sourceTree = BUILT_PRODUCTS_DIR;
		};
		1846A8121E7F1749009EBB30 /* Alamofire iOS Tests.xctest */ = {
			isa = PBXReferenceProxy;
			fileType = wrapper.cfbundle;
			path = "Alamofire iOS Tests.xctest";
			remoteRef = 1846A8111E7F1749009EBB30 /* PBXContainerItemProxy */;
			sourceTree = BUILT_PRODUCTS_DIR;
		};
		1846A8141E7F1749009EBB30 /* Alamofire.framework */ = {
			isa = PBXReferenceProxy;
			fileType = wrapper.framework;
			path = Alamofire.framework;
			remoteRef = 1846A8131E7F1749009EBB30 /* PBXContainerItemProxy */;
			sourceTree = BUILT_PRODUCTS_DIR;
		};
		1846A8161E7F1749009EBB30 /* Alamofire macOS Tests.xctest */ = {
			isa = PBXReferenceProxy;
			fileType = wrapper.cfbundle;
			path = "Alamofire macOS Tests.xctest";
			remoteRef = 1846A8151E7F1749009EBB30 /* PBXContainerItemProxy */;
			sourceTree = BUILT_PRODUCTS_DIR;
		};
		1846A8181E7F1749009EBB30 /* Alamofire.framework */ = {
			isa = PBXReferenceProxy;
			fileType = wrapper.framework;
			path = Alamofire.framework;
			remoteRef = 1846A8171E7F1749009EBB30 /* PBXContainerItemProxy */;
			sourceTree = BUILT_PRODUCTS_DIR;
		};
		1846A81A1E7F1749009EBB30 /* Alamofire tvOS Tests.xctest */ = {
			isa = PBXReferenceProxy;
			fileType = wrapper.cfbundle;
			path = "Alamofire tvOS Tests.xctest";
			remoteRef = 1846A8191E7F1749009EBB30 /* PBXContainerItemProxy */;
			sourceTree = BUILT_PRODUCTS_DIR;
		};
		1846A81C1E7F1749009EBB30 /* Alamofire.framework */ = {
			isa = PBXReferenceProxy;
			fileType = wrapper.framework;
			path = Alamofire.framework;
			remoteRef = 1846A81B1E7F1749009EBB30 /* PBXContainerItemProxy */;
			sourceTree = BUILT_PRODUCTS_DIR;
		};
/* End PBXReferenceProxy section */

/* Begin PBXResourcesBuildPhase section */
		842C3CD51E3E985800BBCD2A /* Resources */ = {
			isa = PBXResourcesBuildPhase;
			buildActionMask = 2147483647;
			files = (
				1834460D1E8C6ACF0039ECC5 /* Main.storyboard in Resources */,
				842C3CE51E3E985800BBCD2A /* LaunchScreen.storyboard in Resources */,
				842C3CE21E3E985800BBCD2A /* Assets.xcassets in Resources */,
			);
			runOnlyForDeploymentPostprocessing = 0;
		};
		842C3CE91E3E985800BBCD2A /* Resources */ = {
			isa = PBXResourcesBuildPhase;
			buildActionMask = 2147483647;
			files = (
			);
			runOnlyForDeploymentPostprocessing = 0;
		};
		842C3CF41E3E985800BBCD2A /* Resources */ = {
			isa = PBXResourcesBuildPhase;
			buildActionMask = 2147483647;
			files = (
			);
			runOnlyForDeploymentPostprocessing = 0;
		};
/* End PBXResourcesBuildPhase section */

/* Begin PBXShellScriptBuildPhase section */
		0074227BAA7B9B5AA6B15BD8 /* [CP] Embed Pods Frameworks */ = {
			isa = PBXShellScriptBuildPhase;
			buildActionMask = 2147483647;
			files = (
			);
			inputPaths = (
			);
			name = "[CP] Embed Pods Frameworks";
			outputPaths = (
			);
			runOnlyForDeploymentPostprocessing = 0;
			shellPath = /bin/sh;
			shellScript = "\"${SRCROOT}/Pods/Target Support Files/Pods-HALOSTests/Pods-HALOSTests-frameworks.sh\"\n";
			showEnvVarsInLog = 0;
		};
		087B5227BBB9C61ED1ACF210 /* [CP] Check Pods Manifest.lock */ = {
			isa = PBXShellScriptBuildPhase;
			buildActionMask = 2147483647;
			files = (
			);
			inputPaths = (
			);
			name = "[CP] Check Pods Manifest.lock";
			outputPaths = (
			);
			runOnlyForDeploymentPostprocessing = 0;
			shellPath = /bin/sh;
			shellScript = "diff \"${PODS_ROOT}/../Podfile.lock\" \"${PODS_ROOT}/Manifest.lock\" > /dev/null\nif [ $? != 0 ] ; then\n    # print error to STDERR\n    echo \"error: The sandbox is not in sync with the Podfile.lock. Run 'pod install' or update your CocoaPods installation.\" >&2\n    exit 1\nfi\n";
			showEnvVarsInLog = 0;
		};
		31A0F8936FCB4591C0BC88A2 /* [CP] Copy Pods Resources */ = {
			isa = PBXShellScriptBuildPhase;
			buildActionMask = 2147483647;
			files = (
			);
			inputPaths = (
			);
			name = "[CP] Copy Pods Resources";
			outputPaths = (
			);
			runOnlyForDeploymentPostprocessing = 0;
			shellPath = /bin/sh;
			shellScript = "\"${SRCROOT}/Pods/Target Support Files/Pods-HALOSUITests/Pods-HALOSUITests-resources.sh\"\n";
			showEnvVarsInLog = 0;
		};
		32B9E82C04E8F7E6EEC836F7 /* [CP] Embed Pods Frameworks */ = {
			isa = PBXShellScriptBuildPhase;
			buildActionMask = 2147483647;
			files = (
			);
			inputPaths = (
			);
			name = "[CP] Embed Pods Frameworks";
			outputPaths = (
			);
			runOnlyForDeploymentPostprocessing = 0;
			shellPath = /bin/sh;
			shellScript = "\"${SRCROOT}/Pods/Target Support Files/Pods-HALOSUITests/Pods-HALOSUITests-frameworks.sh\"\n";
			showEnvVarsInLog = 0;
		};
		523C5E01A405A6E421104EE9 /* [CP] Copy Pods Resources */ = {
			isa = PBXShellScriptBuildPhase;
			buildActionMask = 2147483647;
			files = (
			);
			inputPaths = (
			);
			name = "[CP] Copy Pods Resources";
			outputPaths = (
			);
			runOnlyForDeploymentPostprocessing = 0;
			shellPath = /bin/sh;
			shellScript = "\"${SRCROOT}/Pods/Target Support Files/Pods-HALOS/Pods-HALOS-resources.sh\"\n";
			showEnvVarsInLog = 0;
		};
		5ADBE7C2967B353228867FC8 /* [CP] Check Pods Manifest.lock */ = {
			isa = PBXShellScriptBuildPhase;
			buildActionMask = 2147483647;
			files = (
			);
			inputPaths = (
			);
			name = "[CP] Check Pods Manifest.lock";
			outputPaths = (
			);
			runOnlyForDeploymentPostprocessing = 0;
			shellPath = /bin/sh;
			shellScript = "diff \"${PODS_ROOT}/../Podfile.lock\" \"${PODS_ROOT}/Manifest.lock\" > /dev/null\nif [ $? != 0 ] ; then\n    # print error to STDERR\n    echo \"error: The sandbox is not in sync with the Podfile.lock. Run 'pod install' or update your CocoaPods installation.\" >&2\n    exit 1\nfi\n";
			showEnvVarsInLog = 0;
		};
		A2FB5FD9473A9FEACABF79F9 /* [CP] Copy Pods Resources */ = {
			isa = PBXShellScriptBuildPhase;
			buildActionMask = 2147483647;
			files = (
			);
			inputPaths = (
			);
			name = "[CP] Copy Pods Resources";
			outputPaths = (
			);
			runOnlyForDeploymentPostprocessing = 0;
			shellPath = /bin/sh;
			shellScript = "\"${SRCROOT}/Pods/Target Support Files/Pods-HALOSTests/Pods-HALOSTests-resources.sh\"\n";
			showEnvVarsInLog = 0;
		};
		AD7261BA555B1414557C28D0 /* [CP] Check Pods Manifest.lock */ = {
			isa = PBXShellScriptBuildPhase;
			buildActionMask = 2147483647;
			files = (
			);
			inputPaths = (
			);
			name = "[CP] Check Pods Manifest.lock";
			outputPaths = (
			);
			runOnlyForDeploymentPostprocessing = 0;
			shellPath = /bin/sh;
			shellScript = "diff \"${PODS_ROOT}/../Podfile.lock\" \"${PODS_ROOT}/Manifest.lock\" > /dev/null\nif [ $? != 0 ] ; then\n    # print error to STDERR\n    echo \"error: The sandbox is not in sync with the Podfile.lock. Run 'pod install' or update your CocoaPods installation.\" >&2\n    exit 1\nfi\n";
			showEnvVarsInLog = 0;
		};
		D7F7FBCB3B3491E294EAED2F /* [CP] Embed Pods Frameworks */ = {
			isa = PBXShellScriptBuildPhase;
			buildActionMask = 2147483647;
			files = (
			);
			inputPaths = (
			);
			name = "[CP] Embed Pods Frameworks";
			outputPaths = (
			);
			runOnlyForDeploymentPostprocessing = 0;
			shellPath = /bin/sh;
			shellScript = "\"${SRCROOT}/Pods/Target Support Files/Pods-HALOS/Pods-HALOS-frameworks.sh\"\n";
			showEnvVarsInLog = 0;
		};
/* End PBXShellScriptBuildPhase section */

/* Begin PBXSourcesBuildPhase section */
		842C3CD31E3E985800BBCD2A /* Sources */ = {
			isa = PBXSourcesBuildPhase;
			buildActionMask = 2147483647;
			files = (
				18B372321E6797DA008338F2 /* BaseViewController.swift in Sources */,
				18C7AF381E6CC4930074EDFE /* HomeVC.swift in Sources */,
				18CA67661E6F1E8B0048C82F /* SettingsViewController.swift in Sources */,
				18B372331E6797DA008338F2 /* MenuViewController.swift in Sources */,
				18CA67641E6F16880048C82F /* CosmosDistrib.swift in Sources */,
				18B372361E6798D5008338F2 /* UserProfileViewController.swift in Sources */,
				842C3CDD1E3E985800BBCD2A /* ViewController.swift in Sources */,
				18BA37F61E6A27DE00E6AE7C /* HalosClasses.swift in Sources */,
				18B372381E679AEC008338F2 /* StoreViewController.swift in Sources */,
				842C3D251E40100D00BBCD2A /* CreateLoginViewController.swift in Sources */,
				842C3CDB1E3E985800BBCD2A /* AppDelegate.swift in Sources */,
			);
			runOnlyForDeploymentPostprocessing = 0;
		};
		842C3CE71E3E985800BBCD2A /* Sources */ = {
			isa = PBXSourcesBuildPhase;
			buildActionMask = 2147483647;
			files = (
				183445FE1E8C4D9F0039ECC5 /* HalosClasses.swift in Sources */,
				842C3CF01E3E985800BBCD2A /* HALOSTests.swift in Sources */,
			);
			runOnlyForDeploymentPostprocessing = 0;
		};
		842C3CF21E3E985800BBCD2A /* Sources */ = {
			isa = PBXSourcesBuildPhase;
			buildActionMask = 2147483647;
			files = (
				842C3CFB1E3E985800BBCD2A /* HALOSUITests.swift in Sources */,
			);
			runOnlyForDeploymentPostprocessing = 0;
		};
/* End PBXSourcesBuildPhase section */

/* Begin PBXTargetDependency section */
		842C3CED1E3E985800BBCD2A /* PBXTargetDependency */ = {
			isa = PBXTargetDependency;
			target = 842C3CD61E3E985800BBCD2A /* HALOS */;
			targetProxy = 842C3CEC1E3E985800BBCD2A /* PBXContainerItemProxy */;
		};
		842C3CF81E3E985800BBCD2A /* PBXTargetDependency */ = {
			isa = PBXTargetDependency;
			target = 842C3CD61E3E985800BBCD2A /* HALOS */;
			targetProxy = 842C3CF71E3E985800BBCD2A /* PBXContainerItemProxy */;
		};
/* End PBXTargetDependency section */

/* Begin PBXVariantGroup section */
		842C3CE31E3E985800BBCD2A /* LaunchScreen.storyboard */ = {
			isa = PBXVariantGroup;
			children = (
				842C3CE41E3E985800BBCD2A /* Base */,
			);
			name = LaunchScreen.storyboard;
			sourceTree = "<group>";
		};
/* End PBXVariantGroup section */

/* Begin XCBuildConfiguration section */
		842C3CFD1E3E985800BBCD2A /* Debug */ = {
			isa = XCBuildConfiguration;
			buildSettings = {
				ALWAYS_SEARCH_USER_PATHS = NO;
				CLANG_ANALYZER_NONNULL = YES;
				CLANG_CXX_LANGUAGE_STANDARD = "gnu++0x";
				CLANG_CXX_LIBRARY = "libc++";
				CLANG_ENABLE_MODULES = YES;
				CLANG_ENABLE_OBJC_ARC = YES;
				CLANG_WARN_BOOL_CONVERSION = YES;
				CLANG_WARN_CONSTANT_CONVERSION = YES;
				CLANG_WARN_DIRECT_OBJC_ISA_USAGE = YES_ERROR;
				CLANG_WARN_DOCUMENTATION_COMMENTS = YES;
				CLANG_WARN_EMPTY_BODY = YES;
				CLANG_WARN_ENUM_CONVERSION = YES;
				CLANG_WARN_INFINITE_RECURSION = YES;
				CLANG_WARN_INT_CONVERSION = YES;
				CLANG_WARN_OBJC_ROOT_CLASS = YES_ERROR;
				CLANG_WARN_SUSPICIOUS_MOVE = YES;
				CLANG_WARN_UNREACHABLE_CODE = YES;
				CLANG_WARN__DUPLICATE_METHOD_MATCH = YES;
				"CODE_SIGN_IDENTITY[sdk=iphoneos*]" = "iPhone Developer";
				COPY_PHASE_STRIP = NO;
				DEBUG_INFORMATION_FORMAT = dwarf;
				ENABLE_STRICT_OBJC_MSGSEND = YES;
				ENABLE_TESTABILITY = YES;
				GCC_C_LANGUAGE_STANDARD = gnu99;
				GCC_DYNAMIC_NO_PIC = NO;
				GCC_NO_COMMON_BLOCKS = YES;
				GCC_OPTIMIZATION_LEVEL = 0;
				GCC_PREPROCESSOR_DEFINITIONS = (
					"DEBUG=1",
					"$(inherited)",
				);
				GCC_WARN_64_TO_32_BIT_CONVERSION = YES;
				GCC_WARN_ABOUT_RETURN_TYPE = YES_ERROR;
				GCC_WARN_UNDECLARED_SELECTOR = YES;
				GCC_WARN_UNINITIALIZED_AUTOS = YES_AGGRESSIVE;
				GCC_WARN_UNUSED_FUNCTION = YES;
				GCC_WARN_UNUSED_VARIABLE = YES;
				IPHONEOS_DEPLOYMENT_TARGET = 10.2;
				MTL_ENABLE_DEBUG_INFO = YES;
				ONLY_ACTIVE_ARCH = YES;
				SDKROOT = iphoneos;
				SWIFT_ACTIVE_COMPILATION_CONDITIONS = DEBUG;
				SWIFT_OPTIMIZATION_LEVEL = "-Onone";
			};
			name = Debug;
		};
		842C3CFE1E3E985800BBCD2A /* Release */ = {
			isa = XCBuildConfiguration;
			buildSettings = {
				ALWAYS_SEARCH_USER_PATHS = NO;
				CLANG_ANALYZER_NONNULL = YES;
				CLANG_CXX_LANGUAGE_STANDARD = "gnu++0x";
				CLANG_CXX_LIBRARY = "libc++";
				CLANG_ENABLE_MODULES = YES;
				CLANG_ENABLE_OBJC_ARC = YES;
				CLANG_WARN_BOOL_CONVERSION = YES;
				CLANG_WARN_CONSTANT_CONVERSION = YES;
				CLANG_WARN_DIRECT_OBJC_ISA_USAGE = YES_ERROR;
				CLANG_WARN_DOCUMENTATION_COMMENTS = YES;
				CLANG_WARN_EMPTY_BODY = YES;
				CLANG_WARN_ENUM_CONVERSION = YES;
				CLANG_WARN_INFINITE_RECURSION = YES;
				CLANG_WARN_INT_CONVERSION = YES;
				CLANG_WARN_OBJC_ROOT_CLASS = YES_ERROR;
				CLANG_WARN_SUSPICIOUS_MOVE = YES;
				CLANG_WARN_UNREACHABLE_CODE = YES;
				CLANG_WARN__DUPLICATE_METHOD_MATCH = YES;
				"CODE_SIGN_IDENTITY[sdk=iphoneos*]" = "iPhone Developer";
				COPY_PHASE_STRIP = NO;
				DEBUG_INFORMATION_FORMAT = "dwarf-with-dsym";
				ENABLE_NS_ASSERTIONS = NO;
				ENABLE_STRICT_OBJC_MSGSEND = YES;
				GCC_C_LANGUAGE_STANDARD = gnu99;
				GCC_NO_COMMON_BLOCKS = YES;
				GCC_WARN_64_TO_32_BIT_CONVERSION = YES;
				GCC_WARN_ABOUT_RETURN_TYPE = YES_ERROR;
				GCC_WARN_UNDECLARED_SELECTOR = YES;
				GCC_WARN_UNINITIALIZED_AUTOS = YES_AGGRESSIVE;
				GCC_WARN_UNUSED_FUNCTION = YES;
				GCC_WARN_UNUSED_VARIABLE = YES;
				IPHONEOS_DEPLOYMENT_TARGET = 10.2;
				MTL_ENABLE_DEBUG_INFO = NO;
				SDKROOT = iphoneos;
				SWIFT_OPTIMIZATION_LEVEL = "-Owholemodule";
				VALIDATE_PRODUCT = YES;
			};
			name = Release;
		};
		842C3D001E3E985800BBCD2A /* Debug */ = {
			isa = XCBuildConfiguration;
			baseConfigurationReference = 8FA22697CBCB8EB1DFC718B1 /* Pods-HALOS.debug.xcconfig */;
			buildSettings = {
				ASSETCATALOG_COMPILER_APPICON_NAME = AppIcon;
				DEVELOPMENT_TEAM = 357F95QDBZ;
				INFOPLIST_FILE = HALOS/Info.plist;
				IPHONEOS_DEPLOYMENT_TARGET = 9.3;
				LD_RUNPATH_SEARCH_PATHS = "$(inherited) @executable_path/Frameworks";
				PRODUCT_BUNDLE_IDENTIFIER = syr.edu.HALOS;
				PRODUCT_NAME = "$(TARGET_NAME)";
				SWIFT_VERSION = 3.0;
			};
			name = Debug;
		};
		842C3D011E3E985800BBCD2A /* Release */ = {
			isa = XCBuildConfiguration;
			baseConfigurationReference = DB6D0C63537E8F9CED2A52ED /* Pods-HALOS.release.xcconfig */;
			buildSettings = {
				ASSETCATALOG_COMPILER_APPICON_NAME = AppIcon;
				DEVELOPMENT_TEAM = 357F95QDBZ;
				INFOPLIST_FILE = HALOS/Info.plist;
				IPHONEOS_DEPLOYMENT_TARGET = 9.3;
				LD_RUNPATH_SEARCH_PATHS = "$(inherited) @executable_path/Frameworks";
				PRODUCT_BUNDLE_IDENTIFIER = syr.edu.HALOS;
				PRODUCT_NAME = "$(TARGET_NAME)";
				SWIFT_VERSION = 3.0;
			};
			name = Release;
		};
		842C3D031E3E985800BBCD2A /* Debug */ = {
			isa = XCBuildConfiguration;
			baseConfigurationReference = 78B841C9F4F69A1BB8285572 /* Pods-HALOSTests.debug.xcconfig */;
			buildSettings = {
				ALWAYS_EMBED_SWIFT_STANDARD_LIBRARIES = YES;
				BUNDLE_LOADER = "$(TEST_HOST)";
				DEVELOPMENT_TEAM = 357F95QDBZ;
				INFOPLIST_FILE = HALOSTests/Info.plist;
				IPHONEOS_DEPLOYMENT_TARGET = 9.3;
				LD_RUNPATH_SEARCH_PATHS = "$(inherited) @executable_path/Frameworks @loader_path/Frameworks";
				PRODUCT_BUNDLE_IDENTIFIER = syr.edu.HALOSTests;
				PRODUCT_NAME = "$(TARGET_NAME)";
				SWIFT_VERSION = 3.0;
				TEST_HOST = "$(BUILT_PRODUCTS_DIR)/HALOS.app/HALOS";
			};
			name = Debug;
		};
		842C3D041E3E985800BBCD2A /* Release */ = {
			isa = XCBuildConfiguration;
			baseConfigurationReference = F8CE1C9D157587817B3E813B /* Pods-HALOSTests.release.xcconfig */;
			buildSettings = {
				ALWAYS_EMBED_SWIFT_STANDARD_LIBRARIES = YES;
				BUNDLE_LOADER = "$(TEST_HOST)";
				DEVELOPMENT_TEAM = 357F95QDBZ;
				INFOPLIST_FILE = HALOSTests/Info.plist;
				IPHONEOS_DEPLOYMENT_TARGET = 9.3;
				LD_RUNPATH_SEARCH_PATHS = "$(inherited) @executable_path/Frameworks @loader_path/Frameworks";
				PRODUCT_BUNDLE_IDENTIFIER = syr.edu.HALOSTests;
				PRODUCT_NAME = "$(TARGET_NAME)";
				SWIFT_VERSION = 3.0;
				TEST_HOST = "$(BUILT_PRODUCTS_DIR)/HALOS.app/HALOS";
			};
			name = Release;
		};
		842C3D061E3E985800BBCD2A /* Debug */ = {
			isa = XCBuildConfiguration;
			baseConfigurationReference = F03D8EDCFD341A5D0DFE4CAC /* Pods-HALOSUITests.debug.xcconfig */;
			buildSettings = {
				ALWAYS_EMBED_SWIFT_STANDARD_LIBRARIES = YES;
				DEVELOPMENT_TEAM = 357F95QDBZ;
				INFOPLIST_FILE = HALOSUITests/Info.plist;
				IPHONEOS_DEPLOYMENT_TARGET = 9.3;
				LD_RUNPATH_SEARCH_PATHS = "$(inherited) @executable_path/Frameworks @loader_path/Frameworks";
				PRODUCT_BUNDLE_IDENTIFIER = syr.edu.HALOSUITests;
				PRODUCT_NAME = "$(TARGET_NAME)";
				SWIFT_VERSION = 3.0;
				TEST_TARGET_NAME = HALOS;
			};
			name = Debug;
		};
		842C3D071E3E985800BBCD2A /* Release */ = {
			isa = XCBuildConfiguration;
			baseConfigurationReference = 5478BFE1DF63E596F5BB7B9E /* Pods-HALOSUITests.release.xcconfig */;
			buildSettings = {
				ALWAYS_EMBED_SWIFT_STANDARD_LIBRARIES = YES;
				DEVELOPMENT_TEAM = 357F95QDBZ;
				INFOPLIST_FILE = HALOSUITests/Info.plist;
				IPHONEOS_DEPLOYMENT_TARGET = 9.3;
				LD_RUNPATH_SEARCH_PATHS = "$(inherited) @executable_path/Frameworks @loader_path/Frameworks";
				PRODUCT_BUNDLE_IDENTIFIER = syr.edu.HALOSUITests;
				PRODUCT_NAME = "$(TARGET_NAME)";
				SWIFT_VERSION = 3.0;
				TEST_TARGET_NAME = HALOS;
			};
			name = Release;
		};
/* End XCBuildConfiguration section */

/* Begin XCConfigurationList section */
		842C3CD21E3E985800BBCD2A /* Build configuration list for PBXProject "HALOS" */ = {
			isa = XCConfigurationList;
			buildConfigurations = (
				842C3CFD1E3E985800BBCD2A /* Debug */,
				842C3CFE1E3E985800BBCD2A /* Release */,
			);
			defaultConfigurationIsVisible = 0;
			defaultConfigurationName = Release;
		};
		842C3CFF1E3E985800BBCD2A /* Build configuration list for PBXNativeTarget "HALOS" */ = {
			isa = XCConfigurationList;
			buildConfigurations = (
				842C3D001E3E985800BBCD2A /* Debug */,
				842C3D011E3E985800BBCD2A /* Release */,
			);
			defaultConfigurationIsVisible = 0;
			defaultConfigurationName = Release;
		};
		842C3D021E3E985800BBCD2A /* Build configuration list for PBXNativeTarget "HALOSTests" */ = {
			isa = XCConfigurationList;
			buildConfigurations = (
				842C3D031E3E985800BBCD2A /* Debug */,
				842C3D041E3E985800BBCD2A /* Release */,
			);
			defaultConfigurationIsVisible = 0;
			defaultConfigurationName = Release;
		};
		842C3D051E3E985800BBCD2A /* Build configuration list for PBXNativeTarget "HALOSUITests" */ = {
			isa = XCConfigurationList;
			buildConfigurations = (
				842C3D061E3E985800BBCD2A /* Debug */,
				842C3D071E3E985800BBCD2A /* Release */,
			);
			defaultConfigurationIsVisible = 0;
			defaultConfigurationName = Release;
		};
/* End XCConfigurationList section */
	};
	rootObject = 842C3CCF1E3E985800BBCD2A /* Project object */;
}
